// !$*UTF8*$!
{
	archiveVersion = 1;
	classes = {
	};
	objectVersion = 50;
	objects = {

/* Begin PBXBuildFile section */
		EB0EBF5C25F0AE74000AFC0D /* AppDelegate.swift in Sources */ = {isa = PBXBuildFile; fileRef = EB0EBF5B25F0AE74000AFC0D /* AppDelegate.swift */; };
		EB0EBF5E25F0AE74000AFC0D /* SceneDelegate.swift in Sources */ = {isa = PBXBuildFile; fileRef = EB0EBF5D25F0AE74000AFC0D /* SceneDelegate.swift */; };
		EB0EBF6025F0AE74000AFC0D /* ViewController.swift in Sources */ = {isa = PBXBuildFile; fileRef = EB0EBF5F25F0AE74000AFC0D /* ViewController.swift */; };
		EB0EBF6325F0AE74000AFC0D /* Main.storyboard in Resources */ = {isa = PBXBuildFile; fileRef = EB0EBF6125F0AE74000AFC0D /* Main.storyboard */; };
		EB0EBF6525F0AE75000AFC0D /* Assets.xcassets in Resources */ = {isa = PBXBuildFile; fileRef = EB0EBF6425F0AE75000AFC0D /* Assets.xcassets */; };
		EB0EBF6825F0AE75000AFC0D /* LaunchScreen.storyboard in Resources */ = {isa = PBXBuildFile; fileRef = EB0EBF6625F0AE75000AFC0D /* LaunchScreen.storyboard */; };
		EB0EBF7C25F0B5D6000AFC0D /* OpenSans-Bold.ttf in Resources */ = {isa = PBXBuildFile; fileRef = EB0EBF7125F0B5D6000AFC0D /* OpenSans-Bold.ttf */; };
		EB0EBF7D25F0B5D6000AFC0D /* OpenSans-ExtraBold.ttf in Resources */ = {isa = PBXBuildFile; fileRef = EB0EBF7225F0B5D6000AFC0D /* OpenSans-ExtraBold.ttf */; };
		EB0EBF7E25F0B5D6000AFC0D /* LICENSE.txt in Resources */ = {isa = PBXBuildFile; fileRef = EB0EBF7325F0B5D6000AFC0D /* LICENSE.txt */; };
		EB0EBF7F25F0B5D6000AFC0D /* OpenSans-BoldItalic.ttf in Resources */ = {isa = PBXBuildFile; fileRef = EB0EBF7425F0B5D6000AFC0D /* OpenSans-BoldItalic.ttf */; };
		EB0EBF8025F0B5D6000AFC0D /* OpenSans-ExtraBoldItalic.ttf in Resources */ = {isa = PBXBuildFile; fileRef = EB0EBF7525F0B5D6000AFC0D /* OpenSans-ExtraBoldItalic.ttf */; };
		EB0EBF8125F0B5D6000AFC0D /* OpenSans-Light.ttf in Resources */ = {isa = PBXBuildFile; fileRef = EB0EBF7625F0B5D6000AFC0D /* OpenSans-Light.ttf */; };
		EB0EBF8225F0B5D6000AFC0D /* OpenSans-LightItalic.ttf in Resources */ = {isa = PBXBuildFile; fileRef = EB0EBF7725F0B5D6000AFC0D /* OpenSans-LightItalic.ttf */; };
		EB0EBF8325F0B5D6000AFC0D /* OpenSans-SemiBold.ttf in Resources */ = {isa = PBXBuildFile; fileRef = EB0EBF7825F0B5D6000AFC0D /* OpenSans-SemiBold.ttf */; };
		EB0EBF8425F0B5D6000AFC0D /* OpenSans-SemiBoldItalic.ttf in Resources */ = {isa = PBXBuildFile; fileRef = EB0EBF7925F0B5D6000AFC0D /* OpenSans-SemiBoldItalic.ttf */; };
		EB0EBF8525F0B5D6000AFC0D /* OpenSans-Italic.ttf in Resources */ = {isa = PBXBuildFile; fileRef = EB0EBF7A25F0B5D6000AFC0D /* OpenSans-Italic.ttf */; };
		EB0EBF8625F0B5D6000AFC0D /* OpenSans-Regular.ttf in Resources */ = {isa = PBXBuildFile; fileRef = EB0EBF7B25F0B5D6000AFC0D /* OpenSans-Regular.ttf */; };
		EB0EBFAA25F0DF03000AFC0D /* PeopleTableViewCell.swift in Sources */ = {isa = PBXBuildFile; fileRef = EB0EBFA925F0DF03000AFC0D /* PeopleTableViewCell.swift */; };
/* End PBXBuildFile section */

/* Begin PBXFileReference section */
		EB0EBF5825F0AE74000AFC0D /* PayDatumPractice.app */ = {isa = PBXFileReference; explicitFileType = wrapper.application; includeInIndex = 0; path = PayDatumPractice.app; sourceTree = BUILT_PRODUCTS_DIR; };
		EB0EBF5B25F0AE74000AFC0D /* AppDelegate.swift */ = {isa = PBXFileReference; lastKnownFileType = sourcecode.swift; path = AppDelegate.swift; sourceTree = "<group>"; };
		EB0EBF5D25F0AE74000AFC0D /* SceneDelegate.swift */ = {isa = PBXFileReference; lastKnownFileType = sourcecode.swift; path = SceneDelegate.swift; sourceTree = "<group>"; };
		EB0EBF5F25F0AE74000AFC0D /* ViewController.swift */ = {isa = PBXFileReference; lastKnownFileType = sourcecode.swift; path = ViewController.swift; sourceTree = "<group>"; };
		EB0EBF6225F0AE74000AFC0D /* Base */ = {isa = PBXFileReference; lastKnownFileType = file.storyboard; name = Base; path = Base.lproj/Main.storyboard; sourceTree = "<group>"; };
		EB0EBF6425F0AE75000AFC0D /* Assets.xcassets */ = {isa = PBXFileReference; lastKnownFileType = folder.assetcatalog; path = Assets.xcassets; sourceTree = "<group>"; };
		EB0EBF6725F0AE75000AFC0D /* Base */ = {isa = PBXFileReference; lastKnownFileType = file.storyboard; name = Base; path = Base.lproj/LaunchScreen.storyboard; sourceTree = "<group>"; };
		EB0EBF6925F0AE75000AFC0D /* Info.plist */ = {isa = PBXFileReference; lastKnownFileType = text.plist.xml; path = Info.plist; sourceTree = "<group>"; };
		EB0EBF7125F0B5D6000AFC0D /* OpenSans-Bold.ttf */ = {isa = PBXFileReference; lastKnownFileType = file; path = "OpenSans-Bold.ttf"; sourceTree = "<group>"; };
		EB0EBF7225F0B5D6000AFC0D /* OpenSans-ExtraBold.ttf */ = {isa = PBXFileReference; lastKnownFileType = file; path = "OpenSans-ExtraBold.ttf"; sourceTree = "<group>"; };
		EB0EBF7325F0B5D6000AFC0D /* LICENSE.txt */ = {isa = PBXFileReference; fileEncoding = 4; lastKnownFileType = text; path = LICENSE.txt; sourceTree = "<group>"; };
		EB0EBF7425F0B5D6000AFC0D /* OpenSans-BoldItalic.ttf */ = {isa = PBXFileReference; lastKnownFileType = file; path = "OpenSans-BoldItalic.ttf"; sourceTree = "<group>"; };
		EB0EBF7525F0B5D6000AFC0D /* OpenSans-ExtraBoldItalic.ttf */ = {isa = PBXFileReference; lastKnownFileType = file; path = "OpenSans-ExtraBoldItalic.ttf"; sourceTree = "<group>"; };
		EB0EBF7625F0B5D6000AFC0D /* OpenSans-Light.ttf */ = {isa = PBXFileReference; lastKnownFileType = file; path = "OpenSans-Light.ttf"; sourceTree = "<group>"; };
		EB0EBF7725F0B5D6000AFC0D /* OpenSans-LightItalic.ttf */ = {isa = PBXFileReference; lastKnownFileType = file; path = "OpenSans-LightItalic.ttf"; sourceTree = "<group>"; };
		EB0EBF7825F0B5D6000AFC0D /* OpenSans-SemiBold.ttf */ = {isa = PBXFileReference; lastKnownFileType = file; path = "OpenSans-SemiBold.ttf"; sourceTree = "<group>"; };
		EB0EBF7925F0B5D6000AFC0D /* OpenSans-SemiBoldItalic.ttf */ = {isa = PBXFileReference; lastKnownFileType = file; path = "OpenSans-SemiBoldItalic.ttf"; sourceTree = "<group>"; };
		EB0EBF7A25F0B5D6000AFC0D /* OpenSans-Italic.ttf */ = {isa = PBXFileReference; lastKnownFileType = file; path = "OpenSans-Italic.ttf"; sourceTree = "<group>"; };
		EB0EBF7B25F0B5D6000AFC0D /* OpenSans-Regular.ttf */ = {isa = PBXFileReference; lastKnownFileType = file; path = "OpenSans-Regular.ttf"; sourceTree = "<group>"; };
		EB0EBFA925F0DF03000AFC0D /* PeopleTableViewCell.swift */ = {isa = PBXFileReference; lastKnownFileType = sourcecode.swift; path = PeopleTableViewCell.swift; sourceTree = "<group>"; };
/* End PBXFileReference section */

/* Begin PBXFrameworksBuildPhase section */
		EB0EBF5525F0AE74000AFC0D /* Frameworks */ = {
			isa = PBXFrameworksBuildPhase;
			buildActionMask = 2147483647;
			files = (
			);
			runOnlyForDeploymentPostprocessing = 0;
		};
/* End PBXFrameworksBuildPhase section */

/* Begin PBXGroup section */
		EB0EBF4F25F0AE74000AFC0D = {
			isa = PBXGroup;
			children = (
				EB0EBF5A25F0AE74000AFC0D /* PayDatumPractice */,
				EB0EBF5925F0AE74000AFC0D /* Products */,
			);
			sourceTree = "<group>";
		};
		EB0EBF5925F0AE74000AFC0D /* Products */ = {
			isa = PBXGroup;
			children = (
				EB0EBF5825F0AE74000AFC0D /* PayDatumPractice.app */,
			);
			name = Products;
			sourceTree = "<group>";
		};
		EB0EBF5A25F0AE74000AFC0D /* PayDatumPractice */ = {
			isa = PBXGroup;
			children = (
				EB0EBF7025F0B4EE000AFC0D /* Fonts */,
				EB0EBF5B25F0AE74000AFC0D /* AppDelegate.swift */,
				EB0EBF5D25F0AE74000AFC0D /* SceneDelegate.swift */,
				EB0EBF5F25F0AE74000AFC0D /* ViewController.swift */,
				EB0EBF6125F0AE74000AFC0D /* Main.storyboard */,
				EB0EBF6425F0AE75000AFC0D /* Assets.xcassets */,
				EB0EBF6625F0AE75000AFC0D /* LaunchScreen.storyboard */,
				EB0EBF6925F0AE75000AFC0D /* Info.plist */,
				EB0EBFA925F0DF03000AFC0D /* PeopleTableViewCell.swift */,
			);
			path = PayDatumPractice;
			sourceTree = "<group>";
		};
		EB0EBF7025F0B4EE000AFC0D /* Fonts */ = {
			isa = PBXGroup;
			children = (
				EB0EBF7325F0B5D6000AFC0D /* LICENSE.txt */,
				EB0EBF7125F0B5D6000AFC0D /* OpenSans-Bold.ttf */,
				EB0EBF7425F0B5D6000AFC0D /* OpenSans-BoldItalic.ttf */,
				EB0EBF7225F0B5D6000AFC0D /* OpenSans-ExtraBold.ttf */,
				EB0EBF7525F0B5D6000AFC0D /* OpenSans-ExtraBoldItalic.ttf */,
				EB0EBF7A25F0B5D6000AFC0D /* OpenSans-Italic.ttf */,
				EB0EBF7625F0B5D6000AFC0D /* OpenSans-Light.ttf */,
				EB0EBF7725F0B5D6000AFC0D /* OpenSans-LightItalic.ttf */,
				EB0EBF7B25F0B5D6000AFC0D /* OpenSans-Regular.ttf */,
				EB0EBF7825F0B5D6000AFC0D /* OpenSans-SemiBold.ttf */,
				EB0EBF7925F0B5D6000AFC0D /* OpenSans-SemiBoldItalic.ttf */,
			);
			path = Fonts;
			sourceTree = "<group>";
		};
/* End PBXGroup section */

/* Begin PBXNativeTarget section */
		EB0EBF5725F0AE74000AFC0D /* PayDatumPractice */ = {
			isa = PBXNativeTarget;
			buildConfigurationList = EB0EBF6C25F0AE75000AFC0D /* Build configuration list for PBXNativeTarget "PayDatumPractice" */;
			buildPhases = (
				EB0EBF5425F0AE74000AFC0D /* Sources */,
				EB0EBF5525F0AE74000AFC0D /* Frameworks */,
				EB0EBF5625F0AE74000AFC0D /* Resources */,
			);
			buildRules = (
			);
			dependencies = (
			);
			name = PayDatumPractice;
			productName = PayDatumPractice;
			productReference = EB0EBF5825F0AE74000AFC0D /* PayDatumPractice.app */;
			productType = "com.apple.product-type.application";
		};
/* End PBXNativeTarget section */

/* Begin PBXProject section */
		EB0EBF5025F0AE74000AFC0D /* Project object */ = {
			isa = PBXProject;
			attributes = {
				LastSwiftUpdateCheck = 1220;
				LastUpgradeCheck = 1220;
				TargetAttributes = {
					EB0EBF5725F0AE74000AFC0D = {
						CreatedOnToolsVersion = 12.2;
					};
				};
			};
			buildConfigurationList = EB0EBF5325F0AE74000AFC0D /* Build configuration list for PBXProject "PayDatumPractice" */;
			compatibilityVersion = "Xcode 9.3";
			developmentRegion = en;
			hasScannedForEncodings = 0;
			knownRegions = (
				en,
				Base,
			);
			mainGroup = EB0EBF4F25F0AE74000AFC0D;
			productRefGroup = EB0EBF5925F0AE74000AFC0D /* Products */;
			projectDirPath = "";
			projectRoot = "";
			targets = (
				EB0EBF5725F0AE74000AFC0D /* PayDatumPractice */,
			);
		};
/* End PBXProject section */

/* Begin PBXResourcesBuildPhase section */
		EB0EBF5625F0AE74000AFC0D /* Resources */ = {
			isa = PBXResourcesBuildPhase;
			buildActionMask = 2147483647;
			files = (
				EB0EBF8425F0B5D6000AFC0D /* OpenSans-SemiBoldItalic.ttf in Resources */,
				EB0EBF7E25F0B5D6000AFC0D /* LICENSE.txt in Resources */,
				EB0EBF6825F0AE75000AFC0D /* LaunchScreen.storyboard in Resources */,
				EB0EBF8325F0B5D6000AFC0D /* OpenSans-SemiBold.ttf in Resources */,
				EB0EBF8525F0B5D6000AFC0D /* OpenSans-Italic.ttf in Resources */,
				EB0EBF6525F0AE75000AFC0D /* Assets.xcassets in Resources */,
				EB0EBF7F25F0B5D6000AFC0D /* OpenSans-BoldItalic.ttf in Resources */,
				EB0EBF8225F0B5D6000AFC0D /* OpenSans-LightItalic.ttf in Resources */,
				EB0EBF7C25F0B5D6000AFC0D /* OpenSans-Bold.ttf in Resources */,
				EB0EBF6325F0AE74000AFC0D /* Main.storyboard in Resources */,
				EB0EBF8625F0B5D6000AFC0D /* OpenSans-Regular.ttf in Resources */,
				EB0EBF8125F0B5D6000AFC0D /* OpenSans-Light.ttf in Resources */,
				EB0EBF7D25F0B5D6000AFC0D /* OpenSans-ExtraBold.ttf in Resources */,
				EB0EBF8025F0B5D6000AFC0D /* OpenSans-ExtraBoldItalic.ttf in Resources */,
			);
			runOnlyForDeploymentPostprocessing = 0;
		};
/* End PBXResourcesBuildPhase section */

/* Begin PBXSourcesBuildPhase section */
		EB0EBF5425F0AE74000AFC0D /* Sources */ = {
			isa = PBXSourcesBuildPhase;
			buildActionMask = 2147483647;
			files = (
				EB0EBFAA25F0DF03000AFC0D /* PeopleTableViewCell.swift in Sources */,
				EB0EBF6025F0AE74000AFC0D /* ViewController.swift in Sources */,
				EB0EBF5C25F0AE74000AFC0D /* AppDelegate.swift in Sources */,
				EB0EBF5E25F0AE74000AFC0D /* SceneDelegate.swift in Sources */,
			);
			runOnlyForDeploymentPostprocessing = 0;
		};
/* End PBXSourcesBuildPhase section */

/* Begin PBXVariantGroup section */
		EB0EBF6125F0AE74000AFC0D /* Main.storyboard */ = {
			isa = PBXVariantGroup;
			children = (
				EB0EBF6225F0AE74000AFC0D /* Base */,
			);
			name = Main.storyboard;
			sourceTree = "<group>";
		};
		EB0EBF6625F0AE75000AFC0D /* LaunchScreen.storyboard */ = {
			isa = PBXVariantGroup;
			children = (
				EB0EBF6725F0AE75000AFC0D /* Base */,
			);
			name = LaunchScreen.storyboard;
			sourceTree = "<group>";
		};
/* End PBXVariantGroup section */

/* Begin XCBuildConfiguration section */
		EB0EBF6A25F0AE75000AFC0D /* Debug */ = {
			isa = XCBuildConfiguration;
			buildSettings = {
				ALWAYS_SEARCH_USER_PATHS = NO;
				CLANG_ANALYZER_NONNULL = YES;
				CLANG_ANALYZER_NUMBER_OBJECT_CONVERSION = YES_AGGRESSIVE;
				CLANG_CXX_LANGUAGE_STANDARD = "gnu++14";
				CLANG_CXX_LIBRARY = "libc++";
				CLANG_ENABLE_MODULES = YES;
				CLANG_ENABLE_OBJC_ARC = YES;
				CLANG_ENABLE_OBJC_WEAK = YES;
				CLANG_WARN_BLOCK_CAPTURE_AUTORELEASING = YES;
				CLANG_WARN_BOOL_CONVERSION = YES;
				CLANG_WARN_COMMA = YES;
				CLANG_WARN_CONSTANT_CONVERSION = YES;
				CLANG_WARN_DEPRECATED_OBJC_IMPLEMENTATIONS = YES;
				CLANG_WARN_DIRECT_OBJC_ISA_USAGE = YES_ERROR;
				CLANG_WARN_DOCUMENTATION_COMMENTS = YES;
				CLANG_WARN_EMPTY_BODY = YES;
				CLANG_WARN_ENUM_CONVERSION = YES;
				CLANG_WARN_INFINITE_RECURSION = YES;
				CLANG_WARN_INT_CONVERSION = YES;
				CLANG_WARN_NON_LITERAL_NULL_CONVERSION = YES;
				CLANG_WARN_OBJC_IMPLICIT_RETAIN_SELF = YES;
				CLANG_WARN_OBJC_LITERAL_CONVERSION = YES;
				CLANG_WARN_OBJC_ROOT_CLASS = YES_ERROR;
				CLANG_WARN_QUOTED_INCLUDE_IN_FRAMEWORK_HEADER = YES;
				CLANG_WARN_RANGE_LOOP_ANALYSIS = YES;
				CLANG_WARN_STRICT_PROTOTYPES = YES;
				CLANG_WARN_SUSPICIOUS_MOVE = YES;
				CLANG_WARN_UNGUARDED_AVAILABILITY = YES_AGGRESSIVE;
				CLANG_WARN_UNREACHABLE_CODE = YES;
				CLANG_WARN__DUPLICATE_METHOD_MATCH = YES;
				COPY_PHASE_STRIP = NO;
				DEBUG_INFORMATION_FORMAT = dwarf;
				ENABLE_STRICT_OBJC_MSGSEND = YES;
				ENABLE_TESTABILITY = YES;
				GCC_C_LANGUAGE_STANDARD = gnu11;
				GCC_DYNAMIC_NO_PIC = NO;
				GCC_NO_COMMON_BLOCKS = YES;
				GCC_OPTIMIZATION_LEVEL = 0;
				GCC_PREPROCESSOR_DEFINITIONS = (
					"DEBUG=1",
					"$(inherited)",
				);
				GCC_WARN_64_TO_32_BIT_CONVERSION = YES;
				GCC_WARN_ABOUT_RETURN_TYPE = YES_ERROR;
				GCC_WARN_UNDECLARED_SELECTOR = YES;
				GCC_WARN_UNINITIALIZED_AUTOS = YES_AGGRESSIVE;
				GCC_WARN_UNUSED_FUNCTION = YES;
				GCC_WARN_UNUSED_VARIABLE = YES;
				IPHONEOS_DEPLOYMENT_TARGET = 14.2;
				MTL_ENABLE_DEBUG_INFO = INCLUDE_SOURCE;
				MTL_FAST_MATH = YES;
				ONLY_ACTIVE_ARCH = YES;
				SDKROOT = iphoneos;
				SWIFT_ACTIVE_COMPILATION_CONDITIONS = DEBUG;
				SWIFT_OPTIMIZATION_LEVEL = "-Onone";
			};
			name = Debug;
		};
		EB0EBF6B25F0AE75000AFC0D /* Release */ = {
			isa = XCBuildConfiguration;
			buildSettings = {
				ALWAYS_SEARCH_USER_PATHS = NO;
				CLANG_ANALYZER_NONNULL = YES;
				CLANG_ANALYZER_NUMBER_OBJECT_CONVERSION = YES_AGGRESSIVE;
				CLANG_CXX_LANGUAGE_STANDARD = "gnu++14";
				CLANG_CXX_LIBRARY = "libc++";
				CLANG_ENABLE_MODULES = YES;
				CLANG_ENABLE_OBJC_ARC = YES;
				CLANG_ENABLE_OBJC_WEAK = YES;
				CLANG_WARN_BLOCK_CAPTURE_AUTORELEASING = YES;
				CLANG_WARN_BOOL_CONVERSION = YES;
				CLANG_WARN_COMMA = YES;
				CLANG_WARN_CONSTANT_CONVERSION = YES;
				CLANG_WARN_DEPRECATED_OBJC_IMPLEMENTATIONS = YES;
				CLANG_WARN_DIRECT_OBJC_ISA_USAGE = YES_ERROR;
				CLANG_WARN_DOCUMENTATION_COMMENTS = YES;
				CLANG_WARN_EMPTY_BODY = YES;
				CLANG_WARN_ENUM_CONVERSION = YES;
				CLANG_WARN_INFINITE_RECURSION = YES;
				CLANG_WARN_INT_CONVERSION = YES;
				CLANG_WARN_NON_LITERAL_NULL_CONVERSION = YES;
				CLANG_WARN_OBJC_IMPLICIT_RETAIN_SELF = YES;
				CLANG_WARN_OBJC_LITERAL_CONVERSION = YES;
				CLANG_WARN_OBJC_ROOT_CLASS = YES_ERROR;
				CLANG_WARN_QUOTED_INCLUDE_IN_FRAMEWORK_HEADER = YES;
				CLANG_WARN_RANGE_LOOP_ANALYSIS = YES;
				CLANG_WARN_STRICT_PROTOTYPES = YES;
				CLANG_WARN_SUSPICIOUS_MOVE = YES;
				CLANG_WARN_UNGUARDED_AVAILABILITY = YES_AGGRESSIVE;
				CLANG_WARN_UNREACHABLE_CODE = YES;
				CLANG_WARN__DUPLICATE_METHOD_MATCH = YES;
				COPY_PHASE_STRIP = NO;
				DEBUG_INFORMATION_FORMAT = "dwarf-with-dsym";
				ENABLE_NS_ASSERTIONS = NO;
				ENABLE_STRICT_OBJC_MSGSEND = YES;
				GCC_C_LANGUAGE_STANDARD = gnu11;
				GCC_NO_COMMON_BLOCKS = YES;
				GCC_WARN_64_TO_32_BIT_CONVERSION = YES;
				GCC_WARN_ABOUT_RETURN_TYPE = YES_ERROR;
				GCC_WARN_UNDECLARED_SELECTOR = YES;
				GCC_WARN_UNINITIALIZED_AUTOS = YES_AGGRESSIVE;
				GCC_WARN_UNUSED_FUNCTION = YES;
				GCC_WARN_UNUSED_VARIABLE = YES;
				IPHONEOS_DEPLOYMENT_TARGET = 14.2;
				MTL_ENABLE_DEBUG_INFO = NO;
				MTL_FAST_MATH = YES;
				SDKROOT = iphoneos;
				SWIFT_COMPILATION_MODE = wholemodule;
				SWIFT_OPTIMIZATION_LEVEL = "-O";
				VALIDATE_PRODUCT = YES;
			};
			name = Release;
		};
		EB0EBF6D25F0AE75000AFC0D /* Debug */ = {
			isa = XCBuildConfiguration;
			buildSettings = {
				ASSETCATALOG_COMPILER_APPICON_NAME = AppIcon;
				ASSETCATALOG_COMPILER_GLOBAL_ACCENT_COLOR_NAME = AccentColor;
				CODE_SIGN_STYLE = Automatic;
				DEVELOPMENT_TEAM = K924X73642;
				INFOPLIST_FILE = PayDatumPractice/Info.plist;
				LD_RUNPATH_SEARCH_PATHS = (
					"$(inherited)",
					"@executable_path/Frameworks",
				);
				PRODUCT_BUNDLE_IDENTIFIER = com.tanvirgeek.PayDatumPractice;
				PRODUCT_NAME = "$(TARGET_NAME)";
				SWIFT_VERSION = 5.0;
				TARGETED_DEVICE_FAMILY = "1,2";
			};
			name = Debug;
		};
		EB0EBF6E25F0AE75000AFC0D /* Release */ = {
			isa = XCBuildConfiguration;
			buildSettings = {
				ASSETCATALOG_COMPILER_APPICON_NAME = AppIcon;
				ASSETCATALOG_COMPILER_GLOBAL_ACCENT_COLOR_NAME = AccentColor;
				CODE_SIGN_STYLE = Automatic;
				DEVELOPMENT_TEAM = K924X73642;
				INFOPLIST_FILE = PayDatumPractice/Info.plist;
				LD_RUNPATH_SEARCH_PATHS = (
					"$(inherited)",
					"@executable_path/Frameworks",
				);
				PRODUCT_BUNDLE_IDENTIFIER = com.tanvirgeek.PayDatumPractice;
				PRODUCT_NAME = "$(TARGET_NAME)";
				SWIFT_VERSION = 5.0;
				TARGETED_DEVICE_FAMILY = "1,2";
			};
			name = Release;
		};
/* End XCBuildConfiguration section */

/* Begin XCConfigurationList section */
		EB0EBF5325F0AE74000AFC0D /* Build configuration list for PBXProject "PayDatumPractice" */ = {
			isa = XCConfigurationList;
			buildConfigurations = (
				EB0EBF6A25F0AE75000AFC0D /* Debug */,
				EB0EBF6B25F0AE75000AFC0D /* Release */,
			);
			defaultConfigurationIsVisible = 0;
			defaultConfigurationName = Release;
		};
		EB0EBF6C25F0AE75000AFC0D /* Build configuration list for PBXNativeTarget "PayDatumPractice" */ = {
			isa = XCConfigurationList;
			buildConfigurations = (
				EB0EBF6D25F0AE75000AFC0D /* Debug */,
				EB0EBF6E25F0AE75000AFC0D /* Release */,
			);
			defaultConfigurationIsVisible = 0;
			defaultConfigurationName = Release;
		};
/* End XCConfigurationList section */
	};
	rootObject = EB0EBF5025F0AE74000AFC0D /* Project object */;
}
